<?xml version="1.0" encoding="utf-8"?>
<Project ToolsVersion="4.0" xmlns="http://schemas.microsoft.com/developer/msbuild/2003">
  <ItemGroup>
    <Filter Include="ext">
      <UniqueIdentifier>{68ac1930-7cbf-408a-97bd-650bca509cb8}</UniqueIdentifier>
    </Filter>
    <Filter Include="shader">
      <UniqueIdentifier>{9598472a-f3af-468e-b477-a16a6fc8fb2d}</UniqueIdentifier>
    </Filter>
    <Filter Include="ext\glew">
      <UniqueIdentifier>{1f3f17e7-7ac3-4945-bd6f-3ef66708c684}</UniqueIdentifier>
    </Filter>
    <Filter Include="ext\drawtext">
      <UniqueIdentifier>{2136c84b-637d-4bc3-870c-546230bd0a4f}</UniqueIdentifier>
    </Filter>
    <Filter Include="ext\StackWalker">
      <UniqueIdentifier>{a835f488-966d-4589-8e1a-c0edc8d129cd}</UniqueIdentifier>
    </Filter>
    <Filter Include="shader\SkinRepeated">
      <UniqueIdentifier>{5af0bd26-f5bd-411c-88f4-756f29fc423d}</UniqueIdentifier>
    </Filter>
    <Filter Include="shader\SkinScaled">
      <UniqueIdentifier>{8355438b-8e0c-4a44-a74a-ed566e924f53}</UniqueIdentifier>
    </Filter>
    <Filter Include="shader\SkinScaledInner">
      <UniqueIdentifier>{fe27c7ac-7ce0-418b-9e0a-12e04a13ea6f}</UniqueIdentifier>
    </Filter>
    <Filter Include="cfg">
      <UniqueIdentifier>{3f242c67-04ba-4894-8743-451b1e740aca}</UniqueIdentifier>
    </Filter>
    <Filter Include="shader\Patch">
      <UniqueIdentifier>{02ac697c-3ca8-415c-9509-cf1fdb23f7e3}</UniqueIdentifier>
    </Filter>
    <Filter Include="shared">
      <UniqueIdentifier>{b9269752-3703-4c1a-84c3-67345ea3885c}</UniqueIdentifier>
    </Filter>
    <Filter Include="shader\Patch.Textured">
      <UniqueIdentifier>{28e9cdf7-05db-4672-905d-75e0316f63e0}</UniqueIdentifier>
    </Filter>
  </ItemGroup>
  <ItemGroup>
    <ClInclude Include="..\ext\wglew.h">
      <Filter>ext\glew</Filter>
    </ClInclude>
    <ClInclude Include="..\ext\glew.h">
      <Filter>ext\glew</Filter>
    </ClInclude>
    <ClInclude Include="..\ext\glxew.h">
      <Filter>ext\glew</Filter>
    </ClInclude>
    <ClInclude Include="..\ext\drawtext\drawtext.h">
      <Filter>ext\drawtext</Filter>
    </ClInclude>
    <ClInclude Include="..\ext\drawtext\drawtext_impl.h">
      <Filter>ext\drawtext</Filter>
    </ClInclude>
    <ClInclude Include="..\ext\stackwalker\error.h">
      <Filter>ext\StackWalker</Filter>
    </ClInclude>
    <ClInclude Include="..\ext\stackwalker\StackWalker.h">
      <Filter>ext\StackWalker</Filter>
    </ClInclude>
    <ClInclude Include="..\src.shared\Bmp.h">
      <Filter>shared</Filter>
    </ClInclude>
    <ClInclude Include="..\src.shared\core.h">
      <Filter>shared</Filter>
    </ClInclude>
    <ClInclude Include="..\src.shared\error.h">
      <Filter>shared</Filter>
    </ClInclude>
    <ClInclude Include="..\src.shared\fbo.h">
      <Filter>shared</Filter>
    </ClInclude>
    <ClInclude Include="..\src.shared\glsl.h">
      <Filter>shared</Filter>
    </ClInclude>
    <ClInclude Include="..\src.shared\gui.h">
      <Filter>shared</Filter>
    </ClInclude>
    <ClInclude Include="..\src.shared\libs.h">
      <Filter>shared</Filter>
    </ClInclude>
    <ClInclude Include="..\src.shared\ogl.h">
      <Filter>shared</Filter>
    </ClInclude>
  </ItemGroup>
  <ItemGroup>
    <ClCompile Include="..\ext\glew.cpp">
      <Filter>ext\glew</Filter>
    </ClCompile>
    <ClCompile Include="..\ext\drawtext\font.c">
      <Filter>ext\drawtext</Filter>
    </ClCompile>
    <ClCompile Include="..\ext\drawtext\unicode\unicode.cpp">
      <Filter>ext\drawtext</Filter>
    </ClCompile>
    <ClCompile Include="..\ext\stackwalker\StackWalker.cpp">
      <Filter>ext\StackWalker</Filter>
    </ClCompile>
    <ClCompile Include="..\ext\drawtext\drawgl.c">
      <Filter>ext\drawtext</Filter>
    </ClCompile>
    <ClCompile Include="..\ext\drawtext\utf8.c">
      <Filter>ext\drawtext</Filter>
    </ClCompile>
    <ClCompile Include="Main.cpp" />
    <ClCompile Include="..\src.shared\Bmp.cpp">
      <Filter>shared</Filter>
    </ClCompile>
    <ClCompile Include="..\src.shared\core.cpp">
      <Filter>shared</Filter>
    </ClCompile>
  </ItemGroup>
  <ItemGroup>
    <None Include="..\ext\drawtext\Makefile">
      <Filter>ext\drawtext</Filter>
    </None>
  </ItemGroup>
  <ItemGroup>
    <Text Include="..\shader\SkinRepeated\frag.txt">
      <Filter>shader\SkinRepeated</Filter>
    </Text>
    <Text Include="..\shader\SkinRepeated\vs.txt">
      <Filter>shader\SkinRepeated</Filter>
    </Text>
    <Text Include="..\shader\SkinScaled\frag.txt">
      <Filter>shader\SkinScaled</Filter>
    </Text>
    <Text Include="..\shader\SkinScaled\vs.txt">
      <Filter>shader\SkinScaled</Filter>
    </Text>
    <Text Include="..\shader\SkinScaledInner\frag.txt">
      <Filter>shader\SkinScaledInner</Filter>
    </Text>
    <Text Include="..\shader\SkinScaledInner\vs.txt">
      <Filter>shader\SkinScaledInner</Filter>
    </Text>
    <Text Include="..\data\gui_global.txt">
      <Filter>cfg</Filter>
    </Text>
    <Text Include="..\data\gui_skin.txt">
      <Filter>cfg</Filter>
    </Text>
    <Text Include="..\shader\Patch\frag.txt">
      <Filter>shader\Patch</Filter>
    </Text>
    <Text Include="..\shader\Patch\vs.txt">
      <Filter>shader\Patch</Filter>
    </Text>
    <Text Include="..\shader\Patch.Textured\frag.txt">
      <Filter>shader\Patch.Textured</Filter>
    </Text>
    <Text Include="..\shader\Patch.Textured\vs.txt">
      <Filter>shader\Patch.Textured</Filter>
    </Text>
  </ItemGroup>
</Project>